
Microsoft Visual Studio Solution File, Format Version 12.00
# Visual Studio 2012
Project("{8BC9CEB8-8B4A-11D0-8D11-00A0C91BC942}") = "A2F", "A2F\A2F.vcxproj", "{F144B1E0-7715-4E02-9A0D-1EEEE15A8CD6}"
EndProject
Project("{8BC9CEB8-8B4A-11D0-8D11-00A0C91BC942}") = "A2FPS", "A2F\A2FPS.vcxproj", "{4DA5B8B5-9D63-4DFC-A7FA-EC25DA86E3E4}"
	ProjectSection(ProjectDependencies) = postProject
		{F144B1E0-7715-4E02-9A0D-1EEEE15A8CD6} = {F144B1E0-7715-4E02-9A0D-1EEEE15A8CD6}
	EndProjectSection
EndProject
Project("{8BC9CEB8-8B4A-11D0-8D11-00A0C91BC942}") = "Material", "Material\Material.vcxproj", "{0B7B289E-9A11-4275-920C-0E86B5B51271}"
EndProject
Project("{8BC9CEB8-8B4A-11D0-8D11-00A0C91BC942}") = "Test_Material_Class", "Test_Material_Class\Test_Material_Class.vcxproj", "{B27723AE-3727-4E49-8FD8-3C5BD5F826F9}"
EndProject
Project("{8BC9CEB8-8B4A-11D0-8D11-00A0C91BC942}") = "Test_Material_ClassPS", "Test_Material_Class\Test_Material_ClassPS.vcxproj", "{82D03B5A-72B2-4EC7-8517-0A2A83277B59}"
	ProjectSection(ProjectDependencies) = postProject
		{B27723AE-3727-4E49-8FD8-3C5BD5F826F9} = {B27723AE-3727-4E49-8FD8-3C5BD5F826F9}
	EndProjectSection
EndProject
Project("{2150E333-8FDC-42A3-9474-1A3956D46DE8}") = "Other files", "Other files", "{FF30E356-F816-43BC-9461-1B604E3255F1}"
	ProjectSection(SolutionItems) = preProject
		..\build.bat = ..\build.bat
		..\tools\LogConvert.bat = ..\tools\LogConvert.bat
	EndProjectSection
EndProject
Project("{8BC9CEB8-8B4A-11D0-8D11-00A0C91BC942}") = "Test_FluentStarter", "Test_FluentStarter\Test_FluentStarter.vcxproj", "{38DB154D-2245-4C69-AD04-284430DCB396}"
EndProject
Project("{8BC9CEB8-8B4A-11D0-8D11-00A0C91BC942}") = "FluentStart", "FluentStart\FluentStart.vcxproj", "{EE34F085-BC0F-4A8B-921B-3DC198F0FA05}"
EndProject
Project("{8BC9CEB8-8B4A-11D0-8D11-00A0C91BC942}") = "Interpreter", "Interpreter\Interpreter.vcxproj", "{73D12AE7-23B6-405A-A76A-64131740374C}"
EndProject
Project("{8BC9CEB8-8B4A-11D0-8D11-00A0C91BC942}") = "Test_Interpreter", "Test_Interpreter\Test_Interpreter.vcxproj", "{4959D2DF-D67A-45DD-8AC3-68EAA0E232D5}"
EndProject
Global
	GlobalSection(SolutionConfigurationPlatforms) = preSolution
		Debug|Win32 = Debug|Win32
		Release|Win32 = Release|Win32
	EndGlobalSection
	GlobalSection(ProjectConfigurationPlatforms) = postSolution
		{F144B1E0-7715-4E02-9A0D-1EEEE15A8CD6}.Debug|Win32.ActiveCfg = Debug|Win32
		{F144B1E0-7715-4E02-9A0D-1EEEE15A8CD6}.Debug|Win32.Build.0 = Debug|Win32
		{F144B1E0-7715-4E02-9A0D-1EEEE15A8CD6}.Release|Win32.ActiveCfg = Release|Win32
		{F144B1E0-7715-4E02-9A0D-1EEEE15A8CD6}.Release|Win32.Build.0 = Release|Win32
		{4DA5B8B5-9D63-4DFC-A7FA-EC25DA86E3E4}.Debug|Win32.ActiveCfg = Debug|Win32
		{4DA5B8B5-9D63-4DFC-A7FA-EC25DA86E3E4}.Release|Win32.ActiveCfg = Release|Win32
		{0B7B289E-9A11-4275-920C-0E86B5B51271}.Debug|Win32.ActiveCfg = Debug|Win32
		{0B7B289E-9A11-4275-920C-0E86B5B51271}.Debug|Win32.Build.0 = Debug|Win32
		{0B7B289E-9A11-4275-920C-0E86B5B51271}.Release|Win32.ActiveCfg = Release|Win32
		{0B7B289E-9A11-4275-920C-0E86B5B51271}.Release|Win32.Build.0 = Release|Win32
		{B27723AE-3727-4E49-8FD8-3C5BD5F826F9}.Debug|Win32.ActiveCfg = Debug|Win32
		{B27723AE-3727-4E49-8FD8-3C5BD5F826F9}.Debug|Win32.Build.0 = Debug|Win32
		{B27723AE-3727-4E49-8FD8-3C5BD5F826F9}.Release|Win32.ActiveCfg = Release|Win32
		{B27723AE-3727-4E49-8FD8-3C5BD5F826F9}.Release|Win32.Build.0 = Release|Win32
		{82D03B5A-72B2-4EC7-8517-0A2A83277B59}.Debug|Win32.ActiveCfg = Debug|Win32
		{82D03B5A-72B2-4EC7-8517-0A2A83277B59}.Release|Win32.ActiveCfg = Release|Win32
		{38DB154D-2245-4C69-AD04-284430DCB396}.Debug|Win32.ActiveCfg = Debug|Win32
		{38DB154D-2245-4C69-AD04-284430DCB396}.Debug|Win32.Build.0 = Debug|Win32
		{38DB154D-2245-4C69-AD04-284430DCB396}.Release|Win32.ActiveCfg = Release|Win32
		{38DB154D-2245-4C69-AD04-284430DCB396}.Release|Win32.Build.0 = Release|Win32
		{EE34F085-BC0F-4A8B-921B-3DC198F0FA05}.Debug|Win32.ActiveCfg = Debug|Win32
		{EE34F085-BC0F-4A8B-921B-3DC198F0FA05}.Debug|Win32.Build.0 = Debug|Win32
		{EE34F085-BC0F-4A8B-921B-3DC198F0FA05}.Release|Win32.ActiveCfg = Release|Win32
		{EE34F085-BC0F-4A8B-921B-3DC198F0FA05}.Release|Win32.Build.0 = Release|Win32
		{73D12AE7-23B6-405A-A76A-64131740374C}.Debug|Win32.ActiveCfg = Debug|Win32
		{73D12AE7-23B6-405A-A76A-64131740374C}.Debug|Win32.Build.0 = Debug|Win32
		{73D12AE7-23B6-405A-A76A-64131740374C}.Release|Win32.ActiveCfg = Release|Win32
		{73D12AE7-23B6-405A-A76A-64131740374C}.Release|Win32.Build.0 = Release|Win32
		{4959D2DF-D67A-45DD-8AC3-68EAA0E232D5}.Debug|Win32.ActiveCfg = Debug|Win32
		{4959D2DF-D67A-45DD-8AC3-68EAA0E232D5}.Debug|Win32.Build.0 = Debug|Win32
		{4959D2DF-D67A-45DD-8AC3-68EAA0E232D5}.Release|Win32.ActiveCfg = Release|Win32
		{4959D2DF-D67A-45DD-8AC3-68EAA0E232D5}.Release|Win32.Build.0 = Release|Win32
	EndGlobalSection
	GlobalSection(SolutionProperties) = preSolution
		HideSolutionNode = FALSE
	EndGlobalSection
EndGlobal
