Microsoft Visual Studio Solution File, Format Version 12.00
# Visual Studio 2012
Project("{8BC9CEB8-8B4A-11D0-8D11-00A0C91BC942}") = "A2F", "A2F\A2F.vcxproj", "{F144B1E0-7715-4E02-9A0D-1EEEE15A8CD6}"
EndProject
Project("{8BC9CEB8-8B4A-11D0-8D11-00A0C91BC942}") = "A2FPS", "A2F\A2FPS.vcxproj", "{4DA5B8B5-9D63-4DFC-A7FA-EC25DA86E3E4}"
	ProjectSection(ProjectDependencies) = postProject
		{F144B1E0-7715-4E02-9A0D-1EEEE15A8CD6} = {F144B1E0-7715-4E02-9A0D-1EEEE15A8CD6}
	EndProjectSection
EndProject
Global
	GlobalSection(SolutionConfigurationPlatforms) = preSolution
		Debug|Win32 = Debug|Win32
		DLL Debug|Win32 = DLL Debug|Win32
		DLL Release|Win32 = DLL Release|Win32
		DLL Universal Debug|Win32 = DLL Universal Debug|Win32
		DLL Universal Release|Win32 = DLL Universal Release|Win32
		Release|Win32 = Release|Win32
		Universal Debug|Win32 = Universal Debug|Win32
		Universal Release|Win32 = Universal Release|Win32
	EndGlobalSection
	GlobalSection(ProjectConfigurationPlatforms) = postSolution
		{F144B1E0-7715-4E02-9A0D-1EEEE15A8CD6}.Debug|Win32.ActiveCfg = Debug|Win32
		{F144B1E0-7715-4E02-9A0D-1EEEE15A8CD6}.Debug|Win32.Build.0 = Debug|Win32
		{F144B1E0-7715-4E02-9A0D-1EEEE15A8CD6}.DLL Debug|Win32.ActiveCfg = Debug|Win32
		{F144B1E0-7715-4E02-9A0D-1EEEE15A8CD6}.DLL Debug|Win32.Build.0 = Debug|Win32
		{F144B1E0-7715-4E02-9A0D-1EEEE15A8CD6}.DLL Release|Win32.ActiveCfg = Release|Win32
		{F144B1E0-7715-4E02-9A0D-1EEEE15A8CD6}.DLL Release|Win32.Build.0 = Release|Win32
		{F144B1E0-7715-4E02-9A0D-1EEEE15A8CD6}.DLL Universal Debug|Win32.ActiveCfg = Debug|Win32
		{F144B1E0-7715-4E02-9A0D-1EEEE15A8CD6}.DLL Universal Debug|Win32.Build.0 = Debug|Win32
		{F144B1E0-7715-4E02-9A0D-1EEEE15A8CD6}.DLL Universal Release|Win32.ActiveCfg = Release|Win32
		{F144B1E0-7715-4E02-9A0D-1EEEE15A8CD6}.DLL Universal Release|Win32.Build.0 = Release|Win32
		{F144B1E0-7715-4E02-9A0D-1EEEE15A8CD6}.Release|Win32.ActiveCfg = Release|Win32
		{F144B1E0-7715-4E02-9A0D-1EEEE15A8CD6}.Release|Win32.Build.0 = Release|Win32
		{F144B1E0-7715-4E02-9A0D-1EEEE15A8CD6}.Universal Debug|Win32.ActiveCfg = Debug|Win32
		{F144B1E0-7715-4E02-9A0D-1EEEE15A8CD6}.Universal Debug|Win32.Build.0 = Debug|Win32
		{F144B1E0-7715-4E02-9A0D-1EEEE15A8CD6}.Universal Release|Win32.ActiveCfg = Release|Win32
		{F144B1E0-7715-4E02-9A0D-1EEEE15A8CD6}.Universal Release|Win32.Build.0 = Release|Win32
		{4DA5B8B5-9D63-4DFC-A7FA-EC25DA86E3E4}.Debug|Win32.ActiveCfg = Debug|Win32
		{4DA5B8B5-9D63-4DFC-A7FA-EC25DA86E3E4}.DLL Debug|Win32.ActiveCfg = Debug|Win32
		{4DA5B8B5-9D63-4DFC-A7FA-EC25DA86E3E4}.DLL Debug|Win32.Build.0 = Debug|Win32
		{4DA5B8B5-9D63-4DFC-A7FA-EC25DA86E3E4}.DLL Release|Win32.ActiveCfg = Release|Win32
		{4DA5B8B5-9D63-4DFC-A7FA-EC25DA86E3E4}.DLL Release|Win32.Build.0 = Release|Win32
		{4DA5B8B5-9D63-4DFC-A7FA-EC25DA86E3E4}.DLL Universal Debug|Win32.ActiveCfg = Debug|Win32
		{4DA5B8B5-9D63-4DFC-A7FA-EC25DA86E3E4}.DLL Universal Debug|Win32.Build.0 = Debug|Win32
		{4DA5B8B5-9D63-4DFC-A7FA-EC25DA86E3E4}.DLL Universal Release|Win32.ActiveCfg = Release|Win32
		{4DA5B8B5-9D63-4DFC-A7FA-EC25DA86E3E4}.DLL Universal Release|Win32.Build.0 = Release|Win32
		{4DA5B8B5-9D63-4DFC-A7FA-EC25DA86E3E4}.Release|Win32.ActiveCfg = Release|Win32
		{4DA5B8B5-9D63-4DFC-A7FA-EC25DA86E3E4}.Universal Debug|Win32.ActiveCfg = Debug|Win32
		{4DA5B8B5-9D63-4DFC-A7FA-EC25DA86E3E4}.Universal Debug|Win32.Build.0 = Debug|Win32
		{4DA5B8B5-9D63-4DFC-A7FA-EC25DA86E3E4}.Universal Release|Win32.ActiveCfg = Release|Win32
		{4DA5B8B5-9D63-4DFC-A7FA-EC25DA86E3E4}.Universal Release|Win32.Build.0 = Release|Win32
	EndGlobalSection
	GlobalSection(SolutionProperties) = preSolution
		HideSolutionNode = FALSE
	EndGlobalSection
EndGlobal
