<?xml version="1.0" encoding="utf-8"?>
<Project ToolsVersion="4.0" xmlns="http://schemas.microsoft.com/developer/msbuild/2003">
  <ItemGroup>
    <Filter Include="Source Files">
      <UniqueIdentifier>{c92cbe4a-4cce-4364-b3ec-85a115ce9b97}</UniqueIdentifier>
    </Filter>
    <Filter Include="Generated Files">
      <UniqueIdentifier>{d7048edc-ed8e-4f30-af19-7af26f250ccd}</UniqueIdentifier>
      <SourceControlFiles>False</SourceControlFiles>
    </Filter>
  </ItemGroup>
  <ItemGroup>
    <None Include="A2Fps.def" />
  </ItemGroup>
  <ItemGroup>
    <ClCompile Include="A2F_i.c">
      <Filter>Generated Files</Filter>
    </ClCompile>
    <ClCompile Include="A2F_p.c">
      <Filter>Generated Files</Filter>
    </ClCompile>
    <ClCompile Include="dlldata.c">
      <Filter>Generated Files</Filter>
    </ClCompile>
  </ItemGroup>
</Project>